Microsoft Visual Studio Solution File, Format Version 12.00
# Visual Studio 15
VisualStudioVersion = 15.0.26114.2
MinimumVisualStudioVersion = 10.0.40219.1
Project("{9A19103F-16F7-4668-BE54-9A1E7A4F7556}") = "DayPrinter", "DayPrinter\DayPrinter.csproj", "{B3E76AAA-3BE8-49C7-A831-64EF68C6F28D}"
EndProject
Project("{9A19103F-16F7-4668-BE54-9A1E7A4F7556}") = "ElseIf", "ElseIf\ElseIf.csproj", "{C7008ACC-EE4B-49CC-B7FB-5F9F95E257A9}"
EndProject
Project("{9A19103F-16F7-4668-BE54-9A1E7A4F7556}") = "TempConv", "TempConv\TempConv.csproj", "{6D18F93D-E26F-4FF4-ABF2-1450FD9FB19D}"
EndProject
Project("{9A19103F-16F7-4668-BE54-9A1E7A4F7556}") = "HelloMethods", "HelloMethods\HelloMethods.csproj", "{9B69E0D2-FBD5-4FB4-9D40-768AE4F57300}"
EndProject
Project("{9A19103F-16F7-4668-BE54-9A1E7A4F7556}") = "Gradebook", "Gradebook\Gradebook.csproj", "{9E08496B-2501-4CBF-844F-8FD7BA97F4E6}"
EndProject
Project("{9A19103F-16F7-4668-BE54-9A1E7A4F7556}") = "GradebookDict", "GradebookDict\GradebookDict.csproj", "{EFCB1B91-2E92-478F-BFF7-013FF6911DCC}"
EndProject
Project("{9A19103F-16F7-4668-BE54-9A1E7A4F7556}") = "GradebookArray", "GradebookArray\GradebookArray.csproj", "{89051A0E-8D18-48C3-B4E6-D05F62D252CE}"
EndProject
Project("{9A19103F-16F7-4668-BE54-9A1E7A4F7556}") = "CharCounter", "CharCounter\CharCounter.csproj", "{8B886142-4E8D-423A-8993-19A437D470F5}"
EndProject
Project("{9A19103F-16F7-4668-BE54-9A1E7A4F7556}") = "Area", "Area\Area.csproj", "{C5036E2A-C2BB-40E8-B7D8-CBF7937B6C68}"
EndProject
Project("{9A19103F-16F7-4668-BE54-9A1E7A4F7556}") = "HelloWorld", "HelloWorld\HelloWorld.csproj", "{0D93DE60-6A1A-44C5-8047-C8263E6B6EBF}"
EndProject
Project("{9A19103F-16F7-4668-BE54-9A1E7A4F7556}") = "HelloUserName", "HelloUserName\HelloUserName.csproj", "{ABF12D5D-A0C1-4B73-9862-03FE8CEB19D4}"
EndProject
Project("{9A19103F-16F7-4668-BE54-9A1E7A4F7556}") = "AreaRectangle", "AreaRectangle\AreaRectangle.csproj", "{1DDE3F3C-7466-4406-BECB-BFFBC3F23DF0}"
EndProject
Project("{9A19103F-16F7-4668-BE54-9A1E7A4F7556}") = "MilesPerGallon", "MilesPerGallon\MilesPerGallon.csproj", "{681932BD-A0F8-4F03-BD45-016719CB9B80}"
EndProject
Project("{9A19103F-16F7-4668-BE54-9A1E7A4F7556}") = "FindSubstring", "FindSubstring\FindSubstring.csproj", "{1F4E345A-1DD9-44D5-B569-58BD0D8CC89D}"
EndProject
Project("{FAE04EC0-301F-11D3-BF4B-00C04F79EFBC}") = "SumEvenNumbers", "SumEvenNumbers\SumEvenNumbers.csproj", "{A613CD63-50C7-4E99-AE29-DFF95ACCEF65}"
EndProject
Project("{FAE04EC0-301F-11D3-BF4B-00C04F79EFBC}") = "Printing5letterWords", "Printing5letterWords\Printing5letterWords.csproj", "{F3257F80-60FB-400F-A50A-CEDEF1A11254}"
EndProject
Project("{FAE04EC0-301F-11D3-BF4B-00C04F79EFBC}") = "PrintingArrayValues", "PrintingArrayValues\PrintingArrayValues.csproj", "{4CACA11E-2305-415C-A080-2059D1EC7221}"
EndProject
Project("{FAE04EC0-301F-11D3-BF4B-00C04F79EFBC}") = "StudentsBookDict", "StudentsBookDict\StudentsBookDict.csproj", "{77420519-B887-4080-9B09-6B93405F6A10}"
EndProject
Global
	GlobalSection(SolutionConfigurationPlatforms) = preSolution
		Debug|Any CPU = Debug|Any CPU
		Release|Any CPU = Release|Any CPU
	EndGlobalSection
	GlobalSection(ProjectConfigurationPlatforms) = postSolution
		{B3E76AAA-3BE8-49C7-A831-64EF68C6F28D}.Debug|Any CPU.ActiveCfg = Debug|Any CPU
		{B3E76AAA-3BE8-49C7-A831-64EF68C6F28D}.Debug|Any CPU.Build.0 = Debug|Any CPU
		{B3E76AAA-3BE8-49C7-A831-64EF68C6F28D}.Release|Any CPU.ActiveCfg = Release|Any CPU
		{B3E76AAA-3BE8-49C7-A831-64EF68C6F28D}.Release|Any CPU.Build.0 = Release|Any CPU
		{C7008ACC-EE4B-49CC-B7FB-5F9F95E257A9}.Debug|Any CPU.ActiveCfg = Debug|Any CPU
		{C7008ACC-EE4B-49CC-B7FB-5F9F95E257A9}.Debug|Any CPU.Build.0 = Debug|Any CPU
		{C7008ACC-EE4B-49CC-B7FB-5F9F95E257A9}.Release|Any CPU.ActiveCfg = Release|Any CPU
		{C7008ACC-EE4B-49CC-B7FB-5F9F95E257A9}.Release|Any CPU.Build.0 = Release|Any CPU
		{6D18F93D-E26F-4FF4-ABF2-1450FD9FB19D}.Debug|Any CPU.ActiveCfg = Debug|Any CPU
		{6D18F93D-E26F-4FF4-ABF2-1450FD9FB19D}.Debug|Any CPU.Build.0 = Debug|Any CPU
		{6D18F93D-E26F-4FF4-ABF2-1450FD9FB19D}.Release|Any CPU.ActiveCfg = Release|Any CPU
		{6D18F93D-E26F-4FF4-ABF2-1450FD9FB19D}.Release|Any CPU.Build.0 = Release|Any CPU
		{9B69E0D2-FBD5-4FB4-9D40-768AE4F57300}.Debug|Any CPU.ActiveCfg = Debug|Any CPU
		{9B69E0D2-FBD5-4FB4-9D40-768AE4F57300}.Debug|Any CPU.Build.0 = Debug|Any CPU
		{9B69E0D2-FBD5-4FB4-9D40-768AE4F57300}.Release|Any CPU.ActiveCfg = Release|Any CPU
		{9B69E0D2-FBD5-4FB4-9D40-768AE4F57300}.Release|Any CPU.Build.0 = Release|Any CPU
		{9E08496B-2501-4CBF-844F-8FD7BA97F4E6}.Debug|Any CPU.ActiveCfg = Debug|Any CPU
		{9E08496B-2501-4CBF-844F-8FD7BA97F4E6}.Debug|Any CPU.Build.0 = Debug|Any CPU
		{9E08496B-2501-4CBF-844F-8FD7BA97F4E6}.Release|Any CPU.ActiveCfg = Release|Any CPU
		{9E08496B-2501-4CBF-844F-8FD7BA97F4E6}.Release|Any CPU.Build.0 = Release|Any CPU
		{EFCB1B91-2E92-478F-BFF7-013FF6911DCC}.Debug|Any CPU.ActiveCfg = Debug|Any CPU
		{EFCB1B91-2E92-478F-BFF7-013FF6911DCC}.Debug|Any CPU.Build.0 = Debug|Any CPU
		{EFCB1B91-2E92-478F-BFF7-013FF6911DCC}.Release|Any CPU.ActiveCfg = Release|Any CPU
		{EFCB1B91-2E92-478F-BFF7-013FF6911DCC}.Release|Any CPU.Build.0 = Release|Any CPU
		{89051A0E-8D18-48C3-B4E6-D05F62D252CE}.Debug|Any CPU.ActiveCfg = Debug|Any CPU
		{89051A0E-8D18-48C3-B4E6-D05F62D252CE}.Debug|Any CPU.Build.0 = Debug|Any CPU
		{89051A0E-8D18-48C3-B4E6-D05F62D252CE}.Release|Any CPU.ActiveCfg = Release|Any CPU
		{89051A0E-8D18-48C3-B4E6-D05F62D252CE}.Release|Any CPU.Build.0 = Release|Any CPU
		{8B886142-4E8D-423A-8993-19A437D470F5}.Debug|Any CPU.ActiveCfg = Debug|Any CPU
		{8B886142-4E8D-423A-8993-19A437D470F5}.Debug|Any CPU.Build.0 = Debug|Any CPU
		{8B886142-4E8D-423A-8993-19A437D470F5}.Release|Any CPU.ActiveCfg = Release|Any CPU
		{8B886142-4E8D-423A-8993-19A437D470F5}.Release|Any CPU.Build.0 = Release|Any CPU
		{C5036E2A-C2BB-40E8-B7D8-CBF7937B6C68}.Debug|Any CPU.ActiveCfg = Debug|Any CPU
		{C5036E2A-C2BB-40E8-B7D8-CBF7937B6C68}.Debug|Any CPU.Build.0 = Debug|Any CPU
		{C5036E2A-C2BB-40E8-B7D8-CBF7937B6C68}.Release|Any CPU.ActiveCfg = Release|Any CPU
		{C5036E2A-C2BB-40E8-B7D8-CBF7937B6C68}.Release|Any CPU.Build.0 = Release|Any CPU
		{0D93DE60-6A1A-44C5-8047-C8263E6B6EBF}.Debug|Any CPU.ActiveCfg = Debug|Any CPU
		{0D93DE60-6A1A-44C5-8047-C8263E6B6EBF}.Debug|Any CPU.Build.0 = Debug|Any CPU
		{0D93DE60-6A1A-44C5-8047-C8263E6B6EBF}.Release|Any CPU.ActiveCfg = Release|Any CPU
		{0D93DE60-6A1A-44C5-8047-C8263E6B6EBF}.Release|Any CPU.Build.0 = Release|Any CPU
		{ABF12D5D-A0C1-4B73-9862-03FE8CEB19D4}.Debug|Any CPU.ActiveCfg = Debug|Any CPU
		{ABF12D5D-A0C1-4B73-9862-03FE8CEB19D4}.Debug|Any CPU.Build.0 = Debug|Any CPU
		{ABF12D5D-A0C1-4B73-9862-03FE8CEB19D4}.Release|Any CPU.ActiveCfg = Release|Any CPU
		{ABF12D5D-A0C1-4B73-9862-03FE8CEB19D4}.Release|Any CPU.Build.0 = Release|Any CPU
		{1DDE3F3C-7466-4406-BECB-BFFBC3F23DF0}.Debug|Any CPU.ActiveCfg = Debug|Any CPU
		{1DDE3F3C-7466-4406-BECB-BFFBC3F23DF0}.Debug|Any CPU.Build.0 = Debug|Any CPU
		{1DDE3F3C-7466-4406-BECB-BFFBC3F23DF0}.Release|Any CPU.ActiveCfg = Release|Any CPU
		{1DDE3F3C-7466-4406-BECB-BFFBC3F23DF0}.Release|Any CPU.Build.0 = Release|Any CPU
		{681932BD-A0F8-4F03-BD45-016719CB9B80}.Debug|Any CPU.ActiveCfg = Debug|Any CPU
		{681932BD-A0F8-4F03-BD45-016719CB9B80}.Debug|Any CPU.Build.0 = Debug|Any CPU
		{681932BD-A0F8-4F03-BD45-016719CB9B80}.Release|Any CPU.ActiveCfg = Release|Any CPU
		{681932BD-A0F8-4F03-BD45-016719CB9B80}.Release|Any CPU.Build.0 = Release|Any CPU
		{1F4E345A-1DD9-44D5-B569-58BD0D8CC89D}.Debug|Any CPU.ActiveCfg = Debug|Any CPU
		{1F4E345A-1DD9-44D5-B569-58BD0D8CC89D}.Debug|Any CPU.Build.0 = Debug|Any CPU
		{1F4E345A-1DD9-44D5-B569-58BD0D8CC89D}.Release|Any CPU.ActiveCfg = Release|Any CPU
		{1F4E345A-1DD9-44D5-B569-58BD0D8CC89D}.Release|Any CPU.Build.0 = Release|Any CPU
		{A613CD63-50C7-4E99-AE29-DFF95ACCEF65}.Debug|Any CPU.ActiveCfg = Debug|Any CPU
		{A613CD63-50C7-4E99-AE29-DFF95ACCEF65}.Debug|Any CPU.Build.0 = Debug|Any CPU
		{A613CD63-50C7-4E99-AE29-DFF95ACCEF65}.Release|Any CPU.ActiveCfg = Release|Any CPU
		{A613CD63-50C7-4E99-AE29-DFF95ACCEF65}.Release|Any CPU.Build.0 = Release|Any CPU
		{F3257F80-60FB-400F-A50A-CEDEF1A11254}.Debug|Any CPU.ActiveCfg = Debug|Any CPU
		{F3257F80-60FB-400F-A50A-CEDEF1A11254}.Debug|Any CPU.Build.0 = Debug|Any CPU
		{F3257F80-60FB-400F-A50A-CEDEF1A11254}.Release|Any CPU.ActiveCfg = Release|Any CPU
		{F3257F80-60FB-400F-A50A-CEDEF1A11254}.Release|Any CPU.Build.0 = Release|Any CPU
		{4CACA11E-2305-415C-A080-2059D1EC7221}.Debug|Any CPU.ActiveCfg = Debug|Any CPU
		{4CACA11E-2305-415C-A080-2059D1EC7221}.Debug|Any CPU.Build.0 = Debug|Any CPU
		{4CACA11E-2305-415C-A080-2059D1EC7221}.Release|Any CPU.ActiveCfg = Release|Any CPU
		{4CACA11E-2305-415C-A080-2059D1EC7221}.Release|Any CPU.Build.0 = Release|Any CPU
		{77420519-B887-4080-9B09-6B93405F6A10}.Debug|Any CPU.ActiveCfg = Debug|Any CPU
		{77420519-B887-4080-9B09-6B93405F6A10}.Debug|Any CPU.Build.0 = Debug|Any CPU
		{77420519-B887-4080-9B09-6B93405F6A10}.Release|Any CPU.ActiveCfg = Release|Any CPU
		{77420519-B887-4080-9B09-6B93405F6A10}.Release|Any CPU.Build.0 = Release|Any CPU
	EndGlobalSection
	GlobalSection(SolutionProperties) = preSolution
		HideSolutionNode = FALSE
	EndGlobalSection
	GlobalSection(ExtensibilityGlobals) = postSolution
		SolutionGuid = {966E853E-871E-40F6-B1C5-239BFB986042}
	EndGlobalSection
EndGlobal
